
Microsoft Visual Studio Solution File, Format Version 12.00
# Visual Studio 15
VisualStudioVersion = 15.0.27703.2000
MinimumVisualStudioVersion = 10.0.40219.1
Project("{FAE04EC0-301F-11D3-BF4B-00C04F79EFBC}") = "B18 Ex04", "B18 Ex04\B18 Ex04.csproj", "{A166DECB-0ADC-42A3-A7D3-FF5AD1C2A859}"
EndProject
Global
	GlobalSection(SolutionConfigurationPlatforms) = preSolution
		Debug|Any CPU = Debug|Any CPU
		Release|Any CPU = Release|Any CPU
	EndGlobalSection
	GlobalSection(ProjectConfigurationPlatforms) = postSolution
		{A166DECB-0ADC-42A3-A7D3-FF5AD1C2A859}.Debug|Any CPU.ActiveCfg = Debug|Any CPU
		{A166DECB-0ADC-42A3-A7D3-FF5AD1C2A859}.Debug|Any CPU.Build.0 = Debug|Any CPU
		{A166DECB-0ADC-42A3-A7D3-FF5AD1C2A859}.Release|Any CPU.ActiveCfg = Release|Any CPU
		{A166DECB-0ADC-42A3-A7D3-FF5AD1C2A859}.Release|Any CPU.Build.0 = Release|Any CPU
	EndGlobalSection
	GlobalSection(SolutionProperties) = preSolution
		HideSolutionNode = FALSE
	EndGlobalSection
	GlobalSection(ExtensibilityGlobals) = postSolution
		SolutionGuid = {509AA29C-2629-4DF2-88CF-F866FB0F1191}
	EndGlobalSection
EndGlobal
